
Microsoft Visual Studio Solution File, Format Version 12.00
Project("{FAE04EC0-301F-11D3-BF4B-00C04F79EFBC}") = "COMP2139Lab1", "COMP2139Lab1\COMP2139Lab1.csproj", "{7387B892-B1FB-4591-969E-0E7C62A82BC0}"
EndProject
Global
	GlobalSection(SolutionConfigurationPlatforms) = preSolution
		Debug|Any CPU = Debug|Any CPU
		Release|Any CPU = Release|Any CPU
	EndGlobalSection
	GlobalSection(ProjectConfigurationPlatforms) = postSolution
		{7387B892-B1FB-4591-969E-0E7C62A82BC0}.Debug|Any CPU.ActiveCfg = Debug|Any CPU
		{7387B892-B1FB-4591-969E-0E7C62A82BC0}.Debug|Any CPU.Build.0 = Debug|Any CPU
		{7387B892-B1FB-4591-969E-0E7C62A82BC0}.Release|Any CPU.ActiveCfg = Release|Any CPU
		{7387B892-B1FB-4591-969E-0E7C62A82BC0}.Release|Any CPU.Build.0 = Release|Any CPU
	EndGlobalSection
EndGlobal
